{
  "requires": true,
  "lockfileVersion": 1,
  "dependencies": {
    "@upload-io/jquery-uploader": {
      "version": "3.38.1",
      "resolved": "https://registry.npmjs.org/@upload-io/jquery-uploader/-/jquery-uploader-3.38.1.tgz",
      "integrity": "sha512-9xrBMF07LWp/jAjOo7wv1RW413mVV+46tK4xi04E1EvndapA5a26djjm/0JzeRGGHHOxh+s4k5tSIXy6o6LILA==",
      "requires": {
        "uploader": "^3.47.0"
      }
    },
    "@upload-io/upload-api-client-upload-js": {
      "version": "2.18.0",
      "resolved": "https://registry.npmjs.org/@upload-io/upload-api-client-upload-js/-/upload-api-client-upload-js-2.18.0.tgz",
      "integrity": "sha512-yPwsRCecXSilYn4q5ZDD4fyI2PVyUcLimv2LQcfpV3hRyzc8t82NuWHYEYpRZa5K68zxw2RljDf30geT1vJN9g=="
    },
    "classnames": {
      "version": "2.3.2",
      "resolved": "https://registry.npmjs.org/classnames/-/classnames-2.3.2.tgz",
      "integrity": "sha512-CSbhY4cFEJRe6/GQzIk5qXZ4Jeg5pcsP7b5peFSDpffpe1cqjASH/n9UTjBwOp6XpMSTwQ8Za2K5V02ueA7Tmw=="
    },
    "preact": {
      "version": "10.17.1",
      "resolved": "https://registry.npmjs.org/preact/-/preact-10.17.1.tgz",
      "integrity": "sha512-X9BODrvQ4Ekwv9GURm9AKAGaomqXmip7NQTZgY7gcNmr7XE83adOMJvd3N42id1tMFU7ojiynRsYnY6/BRFxLA=="
    },
    "progress-smoother": {
      "version": "1.7.0",
      "resolved": "https://registry.npmjs.org/progress-smoother/-/progress-smoother-1.7.0.tgz",
      "integrity": "sha512-ZIbSbPQ8SnEf5Sa0If9lfvn5URyrZfgTTh5DM+04j1GafiLIaWDWW+1AkYXzGl7JQvzAvCy5E1ZPOgx8XORyew=="
    },
    "upload-js": {
      "version": "2.24.3",
      "resolved": "https://registry.npmjs.org/upload-js/-/upload-js-2.24.3.tgz",
      "integrity": "sha512-iiTowtr2uRw2coGXlqiN1ff/wfMPVMv2MqaZYqEYBSNGmxD1pLl9R9wU8BT/mK+Yn8fDx7utlPovXziS8PVaIA==",
      "requires": {
        "@upload-io/upload-api-client-upload-js": "^2.18.0",
        "progress-smoother": "^1.7.0"
      }
    },
    "uploader": {
      "version": "3.48.2",
      "resolved": "https://registry.npmjs.org/uploader/-/uploader-3.48.2.tgz",
      "integrity": "sha512-jvZBivlCox2LeDvnRdeC9gNHPcZeAAVWlDiRdzFWvAQu8QWhdiqK+wrasGDhAD1IDqkpLJ+i4nY3MQicO3YUVw==",
      "requires": {
        "classnames": "^2.2.6",
        "preact": "^10.6.5",
        "upload-js": "^2.22.0"
      }
    }
  }
}
